
Microsoft Visual Studio Solution File, Format Version 12.00
Project("{FAE04EC0-301F-11D3-BF4B-00C04F79EFBC}") = "Darp.Ble", "src\Darp.Ble\Darp.Ble.csproj", "{1E48FB53-33FF-4AFF-9DA3-95F6F8C35ACA}"
EndProject
Project("{2150E333-8FDC-42A3-9474-1A3956D46DE8}") = "src", "src", "{4A27900B-41D2-41FF-95C9-28D27D5A7F86}"
EndProject
Project("{2150E333-8FDC-42A3-9474-1A3956D46DE8}") = "test", "test", "{F33B062A-678F-4598-A3AC-D30BCDBE9A6B}"
EndProject
Project("{FAE04EC0-301F-11D3-BF4B-00C04F79EFBC}") = "Darp.Ble.Tests", "test\Darp.Ble.Tests\Darp.Ble.Tests.csproj", "{28339B88-01F4-43E3-AB21-A15B59036710}"
EndProject
Project("{FAE04EC0-301F-11D3-BF4B-00C04F79EFBC}") = "Darp.Ble.Data", "src\Darp.Ble.Data\Darp.Ble.Data.csproj", "{EA9D60CC-E314-4B65-8CBC-A198803C1699}"
EndProject
Project("{2150E333-8FDC-42A3-9474-1A3956D46DE8}") = "tools", "tools", "{9A28278C-7F07-415D-8486-908797B3C134}"
EndProject
Project("{FAE04EC0-301F-11D3-BF4B-00C04F79EFBC}") = "AssignedNumbersCrawler", "tools\AssignedNumbersCrawler\AssignedNumbersCrawler.csproj", "{448223B0-EA6B-4D53-9111-CA3A21CE8B8F}"
EndProject
Global
	GlobalSection(SolutionConfigurationPlatforms) = preSolution
		Debug|Any CPU = Debug|Any CPU
		Release|Any CPU = Release|Any CPU
	EndGlobalSection
	GlobalSection(ProjectConfigurationPlatforms) = postSolution
		{1E48FB53-33FF-4AFF-9DA3-95F6F8C35ACA}.Debug|Any CPU.ActiveCfg = Debug|Any CPU
		{1E48FB53-33FF-4AFF-9DA3-95F6F8C35ACA}.Debug|Any CPU.Build.0 = Debug|Any CPU
		{1E48FB53-33FF-4AFF-9DA3-95F6F8C35ACA}.Release|Any CPU.ActiveCfg = Release|Any CPU
		{1E48FB53-33FF-4AFF-9DA3-95F6F8C35ACA}.Release|Any CPU.Build.0 = Release|Any CPU
		{28339B88-01F4-43E3-AB21-A15B59036710}.Debug|Any CPU.ActiveCfg = Debug|Any CPU
		{28339B88-01F4-43E3-AB21-A15B59036710}.Debug|Any CPU.Build.0 = Debug|Any CPU
		{28339B88-01F4-43E3-AB21-A15B59036710}.Release|Any CPU.ActiveCfg = Release|Any CPU
		{28339B88-01F4-43E3-AB21-A15B59036710}.Release|Any CPU.Build.0 = Release|Any CPU
		{EA9D60CC-E314-4B65-8CBC-A198803C1699}.Debug|Any CPU.ActiveCfg = Debug|Any CPU
		{EA9D60CC-E314-4B65-8CBC-A198803C1699}.Debug|Any CPU.Build.0 = Debug|Any CPU
		{EA9D60CC-E314-4B65-8CBC-A198803C1699}.Release|Any CPU.ActiveCfg = Release|Any CPU
		{EA9D60CC-E314-4B65-8CBC-A198803C1699}.Release|Any CPU.Build.0 = Release|Any CPU
		{448223B0-EA6B-4D53-9111-CA3A21CE8B8F}.Debug|Any CPU.ActiveCfg = Debug|Any CPU
		{448223B0-EA6B-4D53-9111-CA3A21CE8B8F}.Debug|Any CPU.Build.0 = Debug|Any CPU
		{448223B0-EA6B-4D53-9111-CA3A21CE8B8F}.Release|Any CPU.ActiveCfg = Release|Any CPU
		{448223B0-EA6B-4D53-9111-CA3A21CE8B8F}.Release|Any CPU.Build.0 = Release|Any CPU
	EndGlobalSection
	GlobalSection(NestedProjects) = preSolution
		{1E48FB53-33FF-4AFF-9DA3-95F6F8C35ACA} = {4A27900B-41D2-41FF-95C9-28D27D5A7F86}
		{28339B88-01F4-43E3-AB21-A15B59036710} = {F33B062A-678F-4598-A3AC-D30BCDBE9A6B}
		{EA9D60CC-E314-4B65-8CBC-A198803C1699} = {4A27900B-41D2-41FF-95C9-28D27D5A7F86}
		{448223B0-EA6B-4D53-9111-CA3A21CE8B8F} = {9A28278C-7F07-415D-8486-908797B3C134}
	EndGlobalSection
EndGlobal
